
Microsoft Visual Studio Solution File, Format Version 12.00
# Visual Studio Version 17
VisualStudioVersion = 17.10.35122.118
MinimumVisualStudioVersion = 10.0.40219.1
Project("{FAE04EC0-301F-11D3-BF4B-00C04F79EFBC}") = "DataTables", "DataTables.csproj", "{C5BAC441-B3DB-403D-9728-E5B08B43175C}"
EndProject
Global
	GlobalSection(SolutionConfigurationPlatforms) = preSolution
		Debug|Any CPU = Debug|Any CPU
		Release|Any CPU = Release|Any CPU
	EndGlobalSection
	GlobalSection(ProjectConfigurationPlatforms) = postSolution
		{C5BAC441-B3DB-403D-9728-E5B08B43175C}.Debug|Any CPU.ActiveCfg = Debug|Any CPU
		{C5BAC441-B3DB-403D-9728-E5B08B43175C}.Debug|Any CPU.Build.0 = Debug|Any CPU
		{C5BAC441-B3DB-403D-9728-E5B08B43175C}.Release|Any CPU.ActiveCfg = Release|Any CPU
		{C5BAC441-B3DB-403D-9728-E5B08B43175C}.Release|Any CPU.Build.0 = Release|Any CPU
	EndGlobalSection
	GlobalSection(SolutionProperties) = preSolution
		HideSolutionNode = FALSE
	EndGlobalSection
	GlobalSection(ExtensibilityGlobals) = postSolution
		SolutionGuid = {BE9BA54C-E3AF-4FA2-87EF-13F9B7F6B026}
	EndGlobalSection
EndGlobal
